// !$*UTF8*$!
{
	archiveVersion = 1;
	classes = {
	};
	objectVersion = 56;
	objects = {

/* Begin PBXBuildFile section */
		C09023352B7ADEC7001337F1 /* HikeApp.swift in Sources */ = {isa = PBXBuildFile; fileRef = C09023342B7ADEC7001337F1 /* HikeApp.swift */; };
		C09023372B7ADEC7001337F1 /* ContentView.swift in Sources */ = {isa = PBXBuildFile; fileRef = C09023362B7ADEC7001337F1 /* ContentView.swift */; };
		C09023392B7ADEC7001337F1 /* Assets.xcassets in Resources */ = {isa = PBXBuildFile; fileRef = C09023382B7ADEC7001337F1 /* Assets.xcassets */; };
		C090233C2B7ADEC7001337F1 /* Preview Assets.xcassets in Resources */ = {isa = PBXBuildFile; fileRef = C090233B2B7ADEC7001337F1 /* Preview Assets.xcassets */; };
		C09023432B7AE30A001337F1 /* CardView.swift in Sources */ = {isa = PBXBuildFile; fileRef = C09023422B7AE30A001337F1 /* CardView.swift */; };
		C09023462B7AE85C001337F1 /* CustomBackgroundView.swift in Sources */ = {isa = PBXBuildFile; fileRef = C09023452B7AE85C001337F1 /* CustomBackgroundView.swift */; };
		C090234A2B7AECFA001337F1 /* ColorExtension.swift in Sources */ = {isa = PBXBuildFile; fileRef = C09023492B7AECFA001337F1 /* ColorExtension.swift */; };
		C090234C2B7AF811001337F1 /* CustomButtonView.swift in Sources */ = {isa = PBXBuildFile; fileRef = C090234B2B7AF811001337F1 /* CustomButtonView.swift */; };
		C090234E2B7BEFD1001337F1 /* GradientButtonStyle.swift in Sources */ = {isa = PBXBuildFile; fileRef = C090234D2B7BEFD1001337F1 /* GradientButtonStyle.swift */; };
		C09023502B7C443D001337F1 /* CustomCircleView.swift in Sources */ = {isa = PBXBuildFile; fileRef = C090234F2B7C443D001337F1 /* CustomCircleView.swift */; };
		C09023522B7C4761001337F1 /* MotionAnimationView.swift in Sources */ = {isa = PBXBuildFile; fileRef = C09023512B7C4761001337F1 /* MotionAnimationView.swift */; };
		C0D82E392B7CE37800FD2B15 /* SettingsView.swift in Sources */ = {isa = PBXBuildFile; fileRef = C0D82E382B7CE37800FD2B15 /* SettingsView.swift */; };
		C0D82E3B2B81784B00FD2B15 /* CustomListRowView.swift in Sources */ = {isa = PBXBuildFile; fileRef = C0D82E3A2B81784B00FD2B15 /* CustomListRowView.swift */; };
/* End PBXBuildFile section */

/* Begin PBXFileReference section */
		C09023312B7ADEC7001337F1 /* Hike.app */ = {isa = PBXFileReference; explicitFileType = wrapper.application; includeInIndex = 0; path = Hike.app; sourceTree = BUILT_PRODUCTS_DIR; };
		C09023342B7ADEC7001337F1 /* HikeApp.swift */ = {isa = PBXFileReference; lastKnownFileType = sourcecode.swift; path = HikeApp.swift; sourceTree = "<group>"; };
		C09023362B7ADEC7001337F1 /* ContentView.swift */ = {isa = PBXFileReference; lastKnownFileType = sourcecode.swift; path = ContentView.swift; sourceTree = "<group>"; };
		C09023382B7ADEC7001337F1 /* Assets.xcassets */ = {isa = PBXFileReference; lastKnownFileType = folder.assetcatalog; path = Assets.xcassets; sourceTree = "<group>"; };
		C090233B2B7ADEC7001337F1 /* Preview Assets.xcassets */ = {isa = PBXFileReference; lastKnownFileType = folder.assetcatalog; path = "Preview Assets.xcassets"; sourceTree = "<group>"; };
		C09023422B7AE30A001337F1 /* CardView.swift */ = {isa = PBXFileReference; lastKnownFileType = sourcecode.swift; path = CardView.swift; sourceTree = "<group>"; };
		C09023452B7AE85C001337F1 /* CustomBackgroundView.swift */ = {isa = PBXFileReference; lastKnownFileType = sourcecode.swift; path = CustomBackgroundView.swift; sourceTree = "<group>"; };
		C09023492B7AECFA001337F1 /* ColorExtension.swift */ = {isa = PBXFileReference; lastKnownFileType = sourcecode.swift; path = ColorExtension.swift; sourceTree = "<group>"; };
		C090234B2B7AF811001337F1 /* CustomButtonView.swift */ = {isa = PBXFileReference; lastKnownFileType = sourcecode.swift; path = CustomButtonView.swift; sourceTree = "<group>"; };
		C090234D2B7BEFD1001337F1 /* GradientButtonStyle.swift */ = {isa = PBXFileReference; lastKnownFileType = sourcecode.swift; path = GradientButtonStyle.swift; sourceTree = "<group>"; };
		C090234F2B7C443D001337F1 /* CustomCircleView.swift */ = {isa = PBXFileReference; lastKnownFileType = sourcecode.swift; path = CustomCircleView.swift; sourceTree = "<group>"; };
		C09023512B7C4761001337F1 /* MotionAnimationView.swift */ = {isa = PBXFileReference; lastKnownFileType = sourcecode.swift; path = MotionAnimationView.swift; sourceTree = "<group>"; };
		C0D82E382B7CE37800FD2B15 /* SettingsView.swift */ = {isa = PBXFileReference; lastKnownFileType = sourcecode.swift; path = SettingsView.swift; sourceTree = "<group>"; };
		C0D82E3A2B81784B00FD2B15 /* CustomListRowView.swift */ = {isa = PBXFileReference; lastKnownFileType = sourcecode.swift; path = CustomListRowView.swift; sourceTree = "<group>"; };
/* End PBXFileReference section */

/* Begin PBXFrameworksBuildPhase section */
		C090232E2B7ADEC7001337F1 /* Frameworks */ = {
			isa = PBXFrameworksBuildPhase;
			buildActionMask = 2147483647;
			files = (
			);
			runOnlyForDeploymentPostprocessing = 0;
		};
/* End PBXFrameworksBuildPhase section */

/* Begin PBXGroup section */
		C09023282B7ADEC7001337F1 = {
			isa = PBXGroup;
			children = (
				C09023332B7ADEC7001337F1 /* Hike */,
				C09023322B7ADEC7001337F1 /* Products */,
			);
			sourceTree = "<group>";
		};
		C09023322B7ADEC7001337F1 /* Products */ = {
			isa = PBXGroup;
			children = (
				C09023312B7ADEC7001337F1 /* Hike.app */,
			);
			name = Products;
			sourceTree = "<group>";
		};
		C09023332B7ADEC7001337F1 /* Hike */ = {
			isa = PBXGroup;
			children = (
				C09023482B7AECA2001337F1 /* Utility */,
				C09023342B7ADEC7001337F1 /* HikeApp.swift */,
				C0D82E372B7CE34A00FD2B15 /* Screen */,
				C09023382B7ADEC7001337F1 /* Assets.xcassets */,
				C090233A2B7ADEC7001337F1 /* Preview Content */,
				C09023442B7AE823001337F1 /* Component */,
			);
			path = Hike;
			sourceTree = "<group>";
		};
		C090233A2B7ADEC7001337F1 /* Preview Content */ = {
			isa = PBXGroup;
			children = (
				C090233B2B7ADEC7001337F1 /* Preview Assets.xcassets */,
			);
			path = "Preview Content";
			sourceTree = "<group>";
		};
		C09023442B7AE823001337F1 /* Component */ = {
			isa = PBXGroup;
			children = (
				C09023422B7AE30A001337F1 /* CardView.swift */,
				C09023452B7AE85C001337F1 /* CustomBackgroundView.swift */,
				C090234B2B7AF811001337F1 /* CustomButtonView.swift */,
				C090234F2B7C443D001337F1 /* CustomCircleView.swift */,
				C09023512B7C4761001337F1 /* MotionAnimationView.swift */,
				C0D82E3A2B81784B00FD2B15 /* CustomListRowView.swift */,
			);
			path = Component;
			sourceTree = "<group>";
		};
		C09023482B7AECA2001337F1 /* Utility */ = {
			isa = PBXGroup;
			children = (
				C09023492B7AECFA001337F1 /* ColorExtension.swift */,
				C090234D2B7BEFD1001337F1 /* GradientButtonStyle.swift */,
			);
			path = Utility;
			sourceTree = "<group>";
		};
		C0D82E372B7CE34A00FD2B15 /* Screen */ = {
			isa = PBXGroup;
			children = (
				C09023362B7ADEC7001337F1 /* ContentView.swift */,
				C0D82E382B7CE37800FD2B15 /* SettingsView.swift */,
			);
			path = Screen;
			sourceTree = "<group>";
		};
/* End PBXGroup section */

/* Begin PBXNativeTarget section */
		C09023302B7ADEC7001337F1 /* Hike */ = {
			isa = PBXNativeTarget;
			buildConfigurationList = C090233F2B7ADEC7001337F1 /* Build configuration list for PBXNativeTarget "Hike" */;
			buildPhases = (
				C090232D2B7ADEC7001337F1 /* Sources */,
				C090232E2B7ADEC7001337F1 /* Frameworks */,
				C090232F2B7ADEC7001337F1 /* Resources */,
			);
			buildRules = (
			);
			dependencies = (
			);
			name = Hike;
			productName = Hike;
			productReference = C09023312B7ADEC7001337F1 /* Hike.app */;
			productType = "com.apple.product-type.application";
		};
/* End PBXNativeTarget section */

/* Begin PBXProject section */
		C09023292B7ADEC7001337F1 /* Project object */ = {
			isa = PBXProject;
			attributes = {
				BuildIndependentTargetsInParallel = 1;
				LastSwiftUpdateCheck = 1520;
				LastUpgradeCheck = 1520;
				TargetAttributes = {
					C09023302B7ADEC7001337F1 = {
						CreatedOnToolsVersion = 15.2;
					};
				};
			};
			buildConfigurationList = C090232C2B7ADEC7001337F1 /* Build configuration list for PBXProject "Hike" */;
			compatibilityVersion = "Xcode 14.0";
			developmentRegion = en;
			hasScannedForEncodings = 0;
			knownRegions = (
				en,
				Base,
			);
			mainGroup = C09023282B7ADEC7001337F1;
			productRefGroup = C09023322B7ADEC7001337F1 /* Products */;
			projectDirPath = "";
			projectRoot = "";
			targets = (
				C09023302B7ADEC7001337F1 /* Hike */,
			);
		};
/* End PBXProject section */

/* Begin PBXResourcesBuildPhase section */
		C090232F2B7ADEC7001337F1 /* Resources */ = {
			isa = PBXResourcesBuildPhase;
			buildActionMask = 2147483647;
			files = (
				C090233C2B7ADEC7001337F1 /* Preview Assets.xcassets in Resources */,
				C09023392B7ADEC7001337F1 /* Assets.xcassets in Resources */,
			);
			runOnlyForDeploymentPostprocessing = 0;
		};
/* End PBXResourcesBuildPhase section */

/* Begin PBXSourcesBuildPhase section */
		C090232D2B7ADEC7001337F1 /* Sources */ = {
			isa = PBXSourcesBuildPhase;
			buildActionMask = 2147483647;
			files = (
				C09023372B7ADEC7001337F1 /* ContentView.swift in Sources */,
				C09023502B7C443D001337F1 /* CustomCircleView.swift in Sources */,
				C0D82E3B2B81784B00FD2B15 /* CustomListRowView.swift in Sources */,
				C09023432B7AE30A001337F1 /* CardView.swift in Sources */,
				C09023352B7ADEC7001337F1 /* HikeApp.swift in Sources */,
				C090234C2B7AF811001337F1 /* CustomButtonView.swift in Sources */,
				C0D82E392B7CE37800FD2B15 /* SettingsView.swift in Sources */,
				C090234E2B7BEFD1001337F1 /* GradientButtonStyle.swift in Sources */,
				C09023522B7C4761001337F1 /* MotionAnimationView.swift in Sources */,
				C09023462B7AE85C001337F1 /* CustomBackgroundView.swift in Sources */,
				C090234A2B7AECFA001337F1 /* ColorExtension.swift in Sources */,
			);
			runOnlyForDeploymentPostprocessing = 0;
		};
/* End PBXSourcesBuildPhase section */

/* Begin XCBuildConfiguration section */
		C090233D2B7ADEC7001337F1 /* Debug */ = {
			isa = XCBuildConfiguration;
			buildSettings = {
				ALWAYS_SEARCH_USER_PATHS = NO;
				ASSETCATALOG_COMPILER_GENERATE_SWIFT_ASSET_SYMBOL_EXTENSIONS = YES;
				CLANG_ANALYZER_NONNULL = YES;
				CLANG_ANALYZER_NUMBER_OBJECT_CONVERSION = YES_AGGRESSIVE;
				CLANG_CXX_LANGUAGE_STANDARD = "gnu++20";
				CLANG_ENABLE_MODULES = YES;
				CLANG_ENABLE_OBJC_ARC = YES;
				CLANG_ENABLE_OBJC_WEAK = YES;
				CLANG_WARN_BLOCK_CAPTURE_AUTORELEASING = YES;
				CLANG_WARN_BOOL_CONVERSION = YES;
				CLANG_WARN_COMMA = YES;
				CLANG_WARN_CONSTANT_CONVERSION = YES;
				CLANG_WARN_DEPRECATED_OBJC_IMPLEMENTATIONS = YES;
				CLANG_WARN_DIRECT_OBJC_ISA_USAGE = YES_ERROR;
				CLANG_WARN_DOCUMENTATION_COMMENTS = YES;
				CLANG_WARN_EMPTY_BODY = YES;
				CLANG_WARN_ENUM_CONVERSION = YES;
				CLANG_WARN_INFINITE_RECURSION = YES;
				CLANG_WARN_INT_CONVERSION = YES;
				CLANG_WARN_NON_LITERAL_NULL_CONVERSION = YES;
				CLANG_WARN_OBJC_IMPLICIT_RETAIN_SELF = YES;
				CLANG_WARN_OBJC_LITERAL_CONVERSION = YES;
				CLANG_WARN_OBJC_ROOT_CLASS = YES_ERROR;
				CLANG_WARN_QUOTED_INCLUDE_IN_FRAMEWORK_HEADER = YES;
				CLANG_WARN_RANGE_LOOP_ANALYSIS = YES;
				CLANG_WARN_STRICT_PROTOTYPES = YES;
				CLANG_WARN_SUSPICIOUS_MOVE = YES;
				CLANG_WARN_UNGUARDED_AVAILABILITY = YES_AGGRESSIVE;
				CLANG_WARN_UNREACHABLE_CODE = YES;
				CLANG_WARN__DUPLICATE_METHOD_MATCH = YES;
				COPY_PHASE_STRIP = NO;
				DEBUG_INFORMATION_FORMAT = dwarf;
				ENABLE_STRICT_OBJC_MSGSEND = YES;
				ENABLE_TESTABILITY = YES;
				ENABLE_USER_SCRIPT_SANDBOXING = YES;
				GCC_C_LANGUAGE_STANDARD = gnu17;
				GCC_DYNAMIC_NO_PIC = NO;
				GCC_NO_COMMON_BLOCKS = YES;
				GCC_OPTIMIZATION_LEVEL = 0;
				GCC_PREPROCESSOR_DEFINITIONS = (
					"DEBUG=1",
					"$(inherited)",
				);
				GCC_WARN_64_TO_32_BIT_CONVERSION = YES;
				GCC_WARN_ABOUT_RETURN_TYPE = YES_ERROR;
				GCC_WARN_UNDECLARED_SELECTOR = YES;
				GCC_WARN_UNINITIALIZED_AUTOS = YES_AGGRESSIVE;
				GCC_WARN_UNUSED_FUNCTION = YES;
				GCC_WARN_UNUSED_VARIABLE = YES;
				IPHONEOS_DEPLOYMENT_TARGET = 17.2;
				LOCALIZATION_PREFERS_STRING_CATALOGS = YES;
				MTL_ENABLE_DEBUG_INFO = INCLUDE_SOURCE;
				MTL_FAST_MATH = YES;
				ONLY_ACTIVE_ARCH = YES;
				SDKROOT = iphoneos;
				SWIFT_ACTIVE_COMPILATION_CONDITIONS = "DEBUG $(inherited)";
				SWIFT_OPTIMIZATION_LEVEL = "-Onone";
			};
			name = Debug;
		};
		C090233E2B7ADEC7001337F1 /* Release */ = {
			isa = XCBuildConfiguration;
			buildSettings = {
				ALWAYS_SEARCH_USER_PATHS = NO;
				ASSETCATALOG_COMPILER_GENERATE_SWIFT_ASSET_SYMBOL_EXTENSIONS = YES;
				CLANG_ANALYZER_NONNULL = YES;
				CLANG_ANALYZER_NUMBER_OBJECT_CONVERSION = YES_AGGRESSIVE;
				CLANG_CXX_LANGUAGE_STANDARD = "gnu++20";
				CLANG_ENABLE_MODULES = YES;
				CLANG_ENABLE_OBJC_ARC = YES;
				CLANG_ENABLE_OBJC_WEAK = YES;
				CLANG_WARN_BLOCK_CAPTURE_AUTORELEASING = YES;
				CLANG_WARN_BOOL_CONVERSION = YES;
				CLANG_WARN_COMMA = YES;
				CLANG_WARN_CONSTANT_CONVERSION = YES;
				CLANG_WARN_DEPRECATED_OBJC_IMPLEMENTATIONS = YES;
				CLANG_WARN_DIRECT_OBJC_ISA_USAGE = YES_ERROR;
				CLANG_WARN_DOCUMENTATION_COMMENTS = YES;
				CLANG_WARN_EMPTY_BODY = YES;
				CLANG_WARN_ENUM_CONVERSION = YES;
				CLANG_WARN_INFINITE_RECURSION = YES;
				CLANG_WARN_INT_CONVERSION = YES;
				CLANG_WARN_NON_LITERAL_NULL_CONVERSION = YES;
				CLANG_WARN_OBJC_IMPLICIT_RETAIN_SELF = YES;
				CLANG_WARN_OBJC_LITERAL_CONVERSION = YES;
				CLANG_WARN_OBJC_ROOT_CLASS = YES_ERROR;
				CLANG_WARN_QUOTED_INCLUDE_IN_FRAMEWORK_HEADER = YES;
				CLANG_WARN_RANGE_LOOP_ANALYSIS = YES;
				CLANG_WARN_STRICT_PROTOTYPES = YES;
				CLANG_WARN_SUSPICIOUS_MOVE = YES;
				CLANG_WARN_UNGUARDED_AVAILABILITY = YES_AGGRESSIVE;
				CLANG_WARN_UNREACHABLE_CODE = YES;
				CLANG_WARN__DUPLICATE_METHOD_MATCH = YES;
				COPY_PHASE_STRIP = NO;
				DEBUG_INFORMATION_FORMAT = "dwarf-with-dsym";
				ENABLE_NS_ASSERTIONS = NO;
				ENABLE_STRICT_OBJC_MSGSEND = YES;
				ENABLE_USER_SCRIPT_SANDBOXING = YES;
				GCC_C_LANGUAGE_STANDARD = gnu17;
				GCC_NO_COMMON_BLOCKS = YES;
				GCC_WARN_64_TO_32_BIT_CONVERSION = YES;
				GCC_WARN_ABOUT_RETURN_TYPE = YES_ERROR;
				GCC_WARN_UNDECLARED_SELECTOR = YES;
				GCC_WARN_UNINITIALIZED_AUTOS = YES_AGGRESSIVE;
				GCC_WARN_UNUSED_FUNCTION = YES;
				GCC_WARN_UNUSED_VARIABLE = YES;
				IPHONEOS_DEPLOYMENT_TARGET = 17.2;
				LOCALIZATION_PREFERS_STRING_CATALOGS = YES;
				MTL_ENABLE_DEBUG_INFO = NO;
				MTL_FAST_MATH = YES;
				SDKROOT = iphoneos;
				SWIFT_COMPILATION_MODE = wholemodule;
				VALIDATE_PRODUCT = YES;
			};
			name = Release;
		};
		C09023402B7ADEC7001337F1 /* Debug */ = {
			isa = XCBuildConfiguration;
			buildSettings = {
				ASSETCATALOG_COMPILER_ALTERNATE_APPICON_NAMES = "AppIcon-MagnifyingGlass AppIcon-Map AppIcon-Mushroom AppIcon-Camera AppIcon-Backpack AppIcon-Campfire";
				ASSETCATALOG_COMPILER_APPICON_NAME = AppIcon;
				ASSETCATALOG_COMPILER_GLOBAL_ACCENT_COLOR_NAME = AccentColor;
				ASSETCATALOG_COMPILER_INCLUDE_ALL_APPICON_ASSETS = YES;
				CODE_SIGN_STYLE = Automatic;
				CURRENT_PROJECT_VERSION = 1;
				DEVELOPMENT_ASSET_PATHS = "\"Hike/Preview Content\"";
				DEVELOPMENT_TEAM = UHCN8F9756;
				ENABLE_PREVIEWS = YES;
				GENERATE_INFOPLIST_FILE = YES;
				INFOPLIST_KEY_UIApplicationSceneManifest_Generation = YES;
				INFOPLIST_KEY_UIApplicationSupportsIndirectInputEvents = YES;
				INFOPLIST_KEY_UILaunchScreen_Generation = YES;
				INFOPLIST_KEY_UISupportedInterfaceOrientations_iPad = "UIInterfaceOrientationPortrait UIInterfaceOrientationPortraitUpsideDown UIInterfaceOrientationLandscapeLeft UIInterfaceOrientationLandscapeRight";
				INFOPLIST_KEY_UISupportedInterfaceOrientations_iPhone = "UIInterfaceOrientationPortrait UIInterfaceOrientationLandscapeLeft UIInterfaceOrientationLandscapeRight";
				LD_RUNPATH_SEARCH_PATHS = (
					"$(inherited)",
					"@executable_path/Frameworks",
				);
				MARKETING_VERSION = 1.0;
				PRODUCT_BUNDLE_IDENTIFIER = com.eymard.chad.Hike;
				PRODUCT_NAME = "$(TARGET_NAME)";
				SWIFT_EMIT_LOC_STRINGS = YES;
				SWIFT_VERSION = 5.0;
				TARGETED_DEVICE_FAMILY = "1,2";
			};
			name = Debug;
		};
		C09023412B7ADEC7001337F1 /* Release */ = {
			isa = XCBuildConfiguration;
			buildSettings = {
				ASSETCATALOG_COMPILER_ALTERNATE_APPICON_NAMES = "AppIcon-MagnifyingGlass AppIcon-Map AppIcon-Mushroom AppIcon-Camera AppIcon-Backpack AppIcon-Campfire";
				ASSETCATALOG_COMPILER_APPICON_NAME = AppIcon;
				ASSETCATALOG_COMPILER_GLOBAL_ACCENT_COLOR_NAME = AccentColor;
				ASSETCATALOG_COMPILER_INCLUDE_ALL_APPICON_ASSETS = YES;
				CODE_SIGN_STYLE = Automatic;
				CURRENT_PROJECT_VERSION = 1;
				DEVELOPMENT_ASSET_PATHS = "\"Hike/Preview Content\"";
				DEVELOPMENT_TEAM = UHCN8F9756;
				ENABLE_PREVIEWS = YES;
				GENERATE_INFOPLIST_FILE = YES;
				INFOPLIST_KEY_UIApplicationSceneManifest_Generation = YES;
				INFOPLIST_KEY_UIApplicationSupportsIndirectInputEvents = YES;
				INFOPLIST_KEY_UILaunchScreen_Generation = YES;
				INFOPLIST_KEY_UISupportedInterfaceOrientations_iPad = "UIInterfaceOrientationPortrait UIInterfaceOrientationPortraitUpsideDown UIInterfaceOrientationLandscapeLeft UIInterfaceOrientationLandscapeRight";
				INFOPLIST_KEY_UISupportedInterfaceOrientations_iPhone = "UIInterfaceOrientationPortrait UIInterfaceOrientationLandscapeLeft UIInterfaceOrientationLandscapeRight";
				LD_RUNPATH_SEARCH_PATHS = (
					"$(inherited)",
					"@executable_path/Frameworks",
				);
				MARKETING_VERSION = 1.0;
				PRODUCT_BUNDLE_IDENTIFIER = com.eymard.chad.Hike;
				PRODUCT_NAME = "$(TARGET_NAME)";
				SWIFT_EMIT_LOC_STRINGS = YES;
				SWIFT_VERSION = 5.0;
				TARGETED_DEVICE_FAMILY = "1,2";
			};
			name = Release;
		};
/* End XCBuildConfiguration section */

/* Begin XCConfigurationList section */
		C090232C2B7ADEC7001337F1 /* Build configuration list for PBXProject "Hike" */ = {
			isa = XCConfigurationList;
			buildConfigurations = (
				C090233D2B7ADEC7001337F1 /* Debug */,
				C090233E2B7ADEC7001337F1 /* Release */,
			);
			defaultConfigurationIsVisible = 0;
			defaultConfigurationName = Release;
		};
		C090233F2B7ADEC7001337F1 /* Build configuration list for PBXNativeTarget "Hike" */ = {
			isa = XCConfigurationList;
			buildConfigurations = (
				C09023402B7ADEC7001337F1 /* Debug */,
				C09023412B7ADEC7001337F1 /* Release */,
			);
			defaultConfigurationIsVisible = 0;
			defaultConfigurationName = Release;
		};
/* End XCConfigurationList section */
	};
	rootObject = C09023292B7ADEC7001337F1 /* Project object */;
}
